
Microsoft Visual Studio Solution File, Format Version 12.00
# Visual Studio Version 17
VisualStudioVersion = 17.4.33122.133
MinimumVisualStudioVersion = 10.0.40219.1
Project("{FAE04EC0-301F-11D3-BF4B-00C04F79EFBC}") = "WiredBrainCoffe.StackApp", "WiredBrainCoffe.StackApp\WiredBrainCoffe.StackApp.csproj", "{01909638-449D-4CF9-8823-25A9BE5D1FA5}"
EndProject
Global
	GlobalSection(SolutionConfigurationPlatforms) = preSolution
		Debug|Any CPU = Debug|Any CPU
		Release|Any CPU = Release|Any CPU
	EndGlobalSection
	GlobalSection(ProjectConfigurationPlatforms) = postSolution
		{01909638-449D-4CF9-8823-25A9BE5D1FA5}.Debug|Any CPU.ActiveCfg = Debug|Any CPU
		{01909638-449D-4CF9-8823-25A9BE5D1FA5}.Debug|Any CPU.Build.0 = Debug|Any CPU
		{01909638-449D-4CF9-8823-25A9BE5D1FA5}.Release|Any CPU.ActiveCfg = Release|Any CPU
		{01909638-449D-4CF9-8823-25A9BE5D1FA5}.Release|Any CPU.Build.0 = Release|Any CPU
	EndGlobalSection
	GlobalSection(SolutionProperties) = preSolution
		HideSolutionNode = FALSE
	EndGlobalSection
	GlobalSection(ExtensibilityGlobals) = postSolution
		SolutionGuid = {688298FF-9E39-421E-B23E-33D6012C1112}
	EndGlobalSection
EndGlobal
